
Microsoft Visual Studio Solution File, Format Version 12.00
# Visual Studio Version 16
VisualStudioVersion = 16.0.31112.23
MinimumVisualStudioVersion = 10.0.40219.1
Project("{8BC9CEB8-8B4A-11D0-8D11-00A0C91BC942}") = "CoreLibs", "Project File\CoreLibs\CoreLibs.vcxproj", "{676948D0-CA18-46AC-82CE-35EF915FCE31}"
EndProject
Project("{2150E333-8FDC-42A3-9474-1A3956D46DE8}") = "Modules", "Modules", "{A7324957-A713-4491-AA1E-F7BC14F9A877}"
EndProject
Project("{8BC9CEB8-8B4A-11D0-8D11-00A0C91BC942}") = "Application", "Project File\CoreLibs\Application\Application.vcxitems", "{C59873BF-24E5-4A9D-9D4C-16D042F53321}"
EndProject
Project("{8BC9CEB8-8B4A-11D0-8D11-00A0C91BC942}") = "Foundation", "Project File\CoreLibs\Foundation\Foundation.vcxitems", "{64D12732-99F5-401D-891B-411D3FBAC57E}"
EndProject
Project("{2150E333-8FDC-42A3-9474-1A3956D46DE8}") = "ShareHouse Core Library", "ShareHouse Core Library", "{2915AB08-3A1B-4996-A9FC-F377983D1D53}"
EndProject
Project("{2150E333-8FDC-42A3-9474-1A3956D46DE8}") = "ShareHouse Plugins", "ShareHouse Plugins", "{03D580BA-5295-45C8-8F5A-6C096E07B010}"
EndProject
Project("{2150E333-8FDC-42A3-9474-1A3956D46DE8}") = "Examples", "Examples", "{4B1E6F21-916F-4683-BDE9-B86F3EEEF6AA}"
EndProject
Project("{8BC9CEB8-8B4A-11D0-8D11-00A0C91BC942}") = "StartUpShareHouse", "Example\StartUpShareHouse\StartUpShareHouse.vcxproj", "{4B2FC386-A37C-44F6-8930-67E67CE7BE0C}"
EndProject
Global
	GlobalSection(SharedMSBuildProjectFiles) = preSolution
		Project File\CoreLibs\Foundation\Foundation.vcxitems*{64d12732-99f5-401d-891b-411d3fbac57e}*SharedItemsImports = 9
		Project File\CoreLibs\Application\Application.vcxitems*{676948d0-ca18-46ac-82ce-35ef915fce31}*SharedItemsImports = 4
		Project File\CoreLibs\Foundation\Foundation.vcxitems*{676948d0-ca18-46ac-82ce-35ef915fce31}*SharedItemsImports = 4
		Project File\CoreLibs\Application\Application.vcxitems*{c59873bf-24e5-4a9d-9d4c-16d042f53321}*SharedItemsImports = 9
	EndGlobalSection
	GlobalSection(SolutionConfigurationPlatforms) = preSolution
		Debug|x64 = Debug|x64
		Debug|x86 = Debug|x86
		Release|x64 = Release|x64
		Release|x86 = Release|x86
	EndGlobalSection
	GlobalSection(ProjectConfigurationPlatforms) = postSolution
		{676948D0-CA18-46AC-82CE-35EF915FCE31}.Debug|x64.ActiveCfg = Debug|x64
		{676948D0-CA18-46AC-82CE-35EF915FCE31}.Debug|x64.Build.0 = Debug|x64
		{676948D0-CA18-46AC-82CE-35EF915FCE31}.Debug|x86.ActiveCfg = Debug|Win32
		{676948D0-CA18-46AC-82CE-35EF915FCE31}.Debug|x86.Build.0 = Debug|Win32
		{676948D0-CA18-46AC-82CE-35EF915FCE31}.Release|x64.ActiveCfg = Release|x64
		{676948D0-CA18-46AC-82CE-35EF915FCE31}.Release|x64.Build.0 = Release|x64
		{676948D0-CA18-46AC-82CE-35EF915FCE31}.Release|x86.ActiveCfg = Release|Win32
		{676948D0-CA18-46AC-82CE-35EF915FCE31}.Release|x86.Build.0 = Release|Win32
		{4B2FC386-A37C-44F6-8930-67E67CE7BE0C}.Debug|x64.ActiveCfg = Debug|x64
		{4B2FC386-A37C-44F6-8930-67E67CE7BE0C}.Debug|x64.Build.0 = Debug|x64
		{4B2FC386-A37C-44F6-8930-67E67CE7BE0C}.Debug|x86.ActiveCfg = Debug|Win32
		{4B2FC386-A37C-44F6-8930-67E67CE7BE0C}.Debug|x86.Build.0 = Debug|Win32
		{4B2FC386-A37C-44F6-8930-67E67CE7BE0C}.Release|x64.ActiveCfg = Release|x64
		{4B2FC386-A37C-44F6-8930-67E67CE7BE0C}.Release|x64.Build.0 = Release|x64
		{4B2FC386-A37C-44F6-8930-67E67CE7BE0C}.Release|x86.ActiveCfg = Release|Win32
		{4B2FC386-A37C-44F6-8930-67E67CE7BE0C}.Release|x86.Build.0 = Release|Win32
	EndGlobalSection
	GlobalSection(SolutionProperties) = preSolution
		HideSolutionNode = FALSE
	EndGlobalSection
	GlobalSection(NestedProjects) = preSolution
		{676948D0-CA18-46AC-82CE-35EF915FCE31} = {2915AB08-3A1B-4996-A9FC-F377983D1D53}
		{A7324957-A713-4491-AA1E-F7BC14F9A877} = {2915AB08-3A1B-4996-A9FC-F377983D1D53}
		{C59873BF-24E5-4A9D-9D4C-16D042F53321} = {A7324957-A713-4491-AA1E-F7BC14F9A877}
		{64D12732-99F5-401D-891B-411D3FBAC57E} = {A7324957-A713-4491-AA1E-F7BC14F9A877}
		{4B2FC386-A37C-44F6-8930-67E67CE7BE0C} = {4B1E6F21-916F-4683-BDE9-B86F3EEEF6AA}
	EndGlobalSection
	GlobalSection(ExtensibilityGlobals) = postSolution
		SolutionGuid = {C6D7C022-4DE3-4A44-B98A-5D05F46AA0C6}
	EndGlobalSection
EndGlobal
