<?xml version="1.0" encoding="utf-8"?>
<Project ToolsVersion="4.0" xmlns="http://schemas.microsoft.com/developer/msbuild/2003">
  <ItemGroup>
    <Filter Include="Memory">
      <UniqueIdentifier>{60d9a14e-b823-45ad-9c05-e40ac84545d3}</UniqueIdentifier>
    </Filter>
    <Filter Include="String">
      <UniqueIdentifier>{02f0e983-afee-4296-ae5d-d8fd1249f300}</UniqueIdentifier>
    </Filter>
    <Filter Include="MathLib">
      <UniqueIdentifier>{4e961d39-9890-4abe-bdf9-f81b366f1660}</UniqueIdentifier>
    </Filter>
    <Filter Include="FileSystem">
      <UniqueIdentifier>{b807bfe0-b35a-4839-97e0-d5afaab03d1a}</UniqueIdentifier>
    </Filter>
    <Filter Include="Threading">
      <UniqueIdentifier>{e582ab3d-70b7-496b-a7fe-eda4b6818832}</UniqueIdentifier>
    </Filter>
    <Filter Include="Debug">
      <UniqueIdentifier>{b24f01ca-61ad-4f29-bfc6-77da584341a4}</UniqueIdentifier>
    </Filter>
    <Filter Include="Utility">
      <UniqueIdentifier>{e5b27be0-1850-40da-ae2b-ba1efd44658e}</UniqueIdentifier>
    </Filter>
    <Filter Include="FileSystem\Platform">
      <UniqueIdentifier>{bd629468-3d91-474b-b36e-a6f1fc250447}</UniqueIdentifier>
    </Filter>
    <Filter Include="Utility\Platform">
      <UniqueIdentifier>{be47ae09-8d9d-4390-bf38-e30eaf8fa021}</UniqueIdentifier>
    </Filter>
    <Filter Include="Error">
      <UniqueIdentifier>{6f641728-4427-4b2d-8686-e8045a0558cd}</UniqueIdentifier>
    </Filter>
  </ItemGroup>
  <ItemGroup>
    <ClInclude Include="$(MSBuildThisFileDirectory)..\..\..\Code\CoreLibs\Foundation\ShMemoryAllocator.h">
      <Filter>Memory</Filter>
    </ClInclude>
    <ClInclude Include="$(MSBuildThisFileDirectory)..\..\..\Code\CoreLibs\Foundation\ShString.h">
      <Filter>String</Filter>
    </ClInclude>
    <ClInclude Include="$(MSBuildThisFileDirectory)..\..\..\Code\CoreLibs\Foundation\ShVector.h">
      <Filter>MathLib</Filter>
    </ClInclude>
    <ClInclude Include="$(MSBuildThisFileDirectory)..\..\..\Code\CoreLibs\Foundation\ShMatrix.h">
      <Filter>MathLib</Filter>
    </ClInclude>
    <ClInclude Include="$(MSBuildThisFileDirectory)..\..\..\Code\CoreLibs\Foundation\ShQuaternion.h">
      <Filter>MathLib</Filter>
    </ClInclude>
    <ClInclude Include="$(MSBuildThisFileDirectory)..\..\..\Code\CoreLibs\Foundation\ShMathLib.h">
      <Filter>MathLib</Filter>
    </ClInclude>
    <ClInclude Include="$(MSBuildThisFileDirectory)..\..\..\Code\CoreLibs\Foundation\ShFileSystem.h">
      <Filter>FileSystem</Filter>
    </ClInclude>
    <ClInclude Include="$(MSBuildThisFileDirectory)..\..\..\Code\CoreLibs\Foundation\ShLog.h">
      <Filter>Debug</Filter>
    </ClInclude>
    <ClInclude Include="$(MSBuildThisFileDirectory)..\..\..\Code\CoreLibs\Foundation\ShThreading.h">
      <Filter>Threading</Filter>
    </ClInclude>
    <ClInclude Include="$(MSBuildThisFileDirectory)..\..\..\Code\CoreLibs\Foundation\ShException.h">
      <Filter>Error</Filter>
    </ClInclude>
    <ClInclude Include="$(MSBuildThisFileDirectory)..\..\..\Code\CoreLibs\Foundation\ShMessage.h">
      <Filter>Debug</Filter>
    </ClInclude>
    <ClInclude Include="$(MSBuildThisFileDirectory)..\..\..\Code\CoreLibs\Foundation\ShOutputSerializer.h">
      <Filter>Debug</Filter>
    </ClInclude>
  </ItemGroup>
  <ItemGroup>
    <ClCompile Include="$(MSBuildThisFileDirectory)..\..\..\Code\CoreLibs\Foundation\ShString.cpp">
      <Filter>String</Filter>
    </ClCompile>
    <ClCompile Include="$(MSBuildThisFileDirectory)..\..\..\Code\CoreLibs\Foundation\ShVector.cpp">
      <Filter>MathLib</Filter>
    </ClCompile>
    <ClCompile Include="$(MSBuildThisFileDirectory)..\..\..\Code\CoreLibs\Foundation\ShMatrix.cpp">
      <Filter>MathLib</Filter>
    </ClCompile>
    <ClCompile Include="$(MSBuildThisFileDirectory)..\..\..\Code\CoreLibs\Foundation\ShQuaternion.cpp">
      <Filter>MathLib</Filter>
    </ClCompile>
    <ClCompile Include="$(MSBuildThisFileDirectory)..\..\..\Code\CoreLibs\Foundation\ShMathLib.cpp">
      <Filter>MathLib</Filter>
    </ClCompile>
    <ClCompile Include="$(MSBuildThisFileDirectory)..\..\..\Code\CoreLibs\Foundation\ShFileSystem.cpp">
      <Filter>FileSystem</Filter>
    </ClCompile>
    <ClCompile Include="$(MSBuildThisFileDirectory)..\..\..\Code\CoreLibs\Foundation\ShLog.cpp">
      <Filter>Debug</Filter>
    </ClCompile>
    <ClCompile Include="$(MSBuildThisFileDirectory)..\..\..\Code\CoreLibs\Foundation\ShException.cpp">
      <Filter>Error</Filter>
    </ClCompile>
    <ClCompile Include="$(MSBuildThisFileDirectory)..\..\..\Code\CoreLibs\Foundation\ShMessage.cpp">
      <Filter>Debug</Filter>
    </ClCompile>
    <ClCompile Include="$(MSBuildThisFileDirectory)..\..\..\Code\CoreLibs\Foundation\ShOutputSerializer.cpp">
      <Filter>Debug</Filter>
    </ClCompile>
  </ItemGroup>
</Project>